<Solution>
  <Folder Name="/Core/">
    <Project Path="../Application/Application.csproj" />
    <Project Path="Domain.csproj" />
  </Folder>
  <Folder Name="/Infrastructure/" />
  <Folder Name="/Presentation/">
    <Project Path="../../Presentation/pos-webapi/pos-webapi.csproj" />
  </Folder>
</Solution>
